<?xml version="1.0" encoding="utf-8"?>
<Project ToolsVersion="4.0" xmlns="http://schemas.microsoft.com/developer/msbuild/2003">
  <ItemGroup>
    <Filter Include="Source Files">
      <UniqueIdentifier>{4FC737F1-C7A5-4376-A066-2A32D752A2FF}</UniqueIdentifier>
      <Extensions>cpp;c;cc;cxx;c++;cppm;ixx;def;odl;idl;hpj;bat;asm;asmx</Extensions>
    </Filter>
    <Filter Include="Header Files">
      <UniqueIdentifier>{93995380-89BD-4b04-88EB-625FBE52EBFB}</UniqueIdentifier>
      <Extensions>h;hh;hpp;hxx;h++;hm;inl;inc;ipp;xsd</Extensions>
    </Filter>
    <Filter Include="Resource Files">
      <UniqueIdentifier>{67DA6AB6-F800-4c08-8B7A-83BB121AAD01}</UniqueIdentifier>
      <Extensions>rc;ico;cur;bmp;dlg;rc2;rct;bin;rgs;gif;jpg;jpeg;jpe;resx;tiff;tif;png;wav;mfcribbon-ms</Extensions>
    </Filter>
  </ItemGroup>
  <ItemGroup>
    <ClInclude Include="include\cpu6502.h">
      <Filter>Header Files</Filter>
    </ClInclude>
    <ClInclude Include="include\nesBus.h">
      <Filter>Header Files</Filter>
    </ClInclude>
    <ClInclude Include="include\ppu2C02.h">
      <Filter>Header Files</Filter>
    </ClInclude>
    <ClInclude Include="include\cartridge.h">
      <Filter>Header Files</Filter>
    </ClInclude>
    <ClInclude Include="include\mapper.h">
      <Filter>Header Files</Filter>
    </ClInclude>
    <ClInclude Include="include\mapper_000.h">
      <Filter>Header Files</Filter>
    </ClInclude>
    <ClInclude Include="include\mapper_002.h">
      <Filter>Header Files</Filter>
    </ClInclude>
    <ClInclude Include="include\emu_typedefs.h">
      <Filter>Header Files</Filter>
    </ClInclude>
    <ClInclude Include="include\mapper_001.h">
      <Filter>Header Files</Filter>
    </ClInclude>
    <ClInclude Include="include\emuNESStateInfoTypes.h">
      <Filter>Header Files</Filter>
    </ClInclude>
    <ClInclude Include="include\emuLoadSaveUtilities.h">
      <Filter>Header Files</Filter>
    </ClInclude>
    <ClInclude Include="include\rewindGameplay.h">
      <Filter>Header Files</Filter>
    </ClInclude>
    <ClInclude Include="include\mapper_003.h">
      <Filter>Header Files</Filter>
    </ClInclude>
    <ClInclude Include="include\mapper_007.h">
      <Filter>Header Files</Filter>
    </ClInclude>
    <ClInclude Include="include\mapper_066.h">
      <Filter>Header Files</Filter>
    </ClInclude>
    <ClInclude Include="include\apu2A03.h">
      <Filter>Header Files</Filter>
    </ClInclude>
  </ItemGroup>
  <ItemGroup>
    <ClCompile Include="src\cpu6502.cpp">
      <Filter>Source Files</Filter>
    </ClCompile>
    <ClCompile Include="src\NES.cpp">
      <Filter>Source Files</Filter>
    </ClCompile>
    <ClCompile Include="src\nesBus.cpp">
      <Filter>Source Files</Filter>
    </ClCompile>
    <ClCompile Include="src\ppu2C02.cpp">
      <Filter>Source Files</Filter>
    </ClCompile>
    <ClCompile Include="src\cartridge.cpp">
      <Filter>Source Files</Filter>
    </ClCompile>
    <ClCompile Include="src\mapper.cpp">
      <Filter>Source Files</Filter>
    </ClCompile>
    <ClCompile Include="src\mapper_000.cpp">
      <Filter>Source Files</Filter>
    </ClCompile>
    <ClCompile Include="src\mapper_002.cpp">
      <Filter>Source Files</Filter>
    </ClCompile>
    <ClCompile Include="src\nesCoreDLLWrapper.cpp">
      <Filter>Source Files</Filter>
    </ClCompile>
    <ClCompile Include="src\mapper_001.cpp">
      <Filter>Source Files</Filter>
    </ClCompile>
    <ClCompile Include="src\emuLoadSaveStateUtilities.cpp">
      <Filter>Source Files</Filter>
    </ClCompile>
    <ClCompile Include="src\rewindGameplay.cpp">
      <Filter>Source Files</Filter>
    </ClCompile>
    <ClCompile Include="src\mapper_003.cpp">
      <Filter>Source Files</Filter>
    </ClCompile>
    <ClCompile Include="src\mapper_007.cpp">
      <Filter>Source Files</Filter>
    </ClCompile>
    <ClCompile Include="src\mapper_066.cpp">
      <Filter>Source Files</Filter>
    </ClCompile>
    <ClCompile Include="src\apu2A03.cpp">
      <Filter>Source Files</Filter>
    </ClCompile>
  </ItemGroup>
</Project>